
Microsoft Visual Studio Solution File, Format Version 12.00
# Visual Studio Version 16
VisualStudioVersion = 16.0.30114.105
MinimumVisualStudioVersion = 10.0.40219.1
Project("{2150E333-8FDC-42A3-9474-1A3956D46DE8}") = "src", "src", "{25DE5AB1-57C5-4066-B99D-2819C3D67550}"
EndProject
Project("{FAE04EC0-301F-11D3-BF4B-00C04F79EFBC}") = "SimpleAPI", "src\SimpleAPI\SimpleAPI.csproj", "{FF2A5AC1-9139-42AA-928F-A4042DF58C8C}"
EndProject
Project("{2150E333-8FDC-42A3-9474-1A3956D46DE8}") = "test", "test", "{4CCF5EDF-30A0-4D64-ACF3-276115C2B1F3}"
EndProject
Project("{FAE04EC0-301F-11D3-BF4B-00C04F79EFBC}") = "SimpleAPI.Test", "test\SimpleAPI.Test\SimpleAPI.Test.csproj", "{698D40D2-52E3-44D3-90D6-F4197C51071D}"
EndProject
Global
	GlobalSection(SolutionConfigurationPlatforms) = preSolution
		Debug|Any CPU = Debug|Any CPU
		Debug|x64 = Debug|x64
		Debug|x86 = Debug|x86
		Release|Any CPU = Release|Any CPU
		Release|x64 = Release|x64
		Release|x86 = Release|x86
	EndGlobalSection
	GlobalSection(SolutionProperties) = preSolution
		HideSolutionNode = FALSE
	EndGlobalSection
	GlobalSection(ProjectConfigurationPlatforms) = postSolution
		{FF2A5AC1-9139-42AA-928F-A4042DF58C8C}.Debug|Any CPU.ActiveCfg = Debug|Any CPU
		{FF2A5AC1-9139-42AA-928F-A4042DF58C8C}.Debug|Any CPU.Build.0 = Debug|Any CPU
		{FF2A5AC1-9139-42AA-928F-A4042DF58C8C}.Debug|x64.ActiveCfg = Debug|Any CPU
		{FF2A5AC1-9139-42AA-928F-A4042DF58C8C}.Debug|x64.Build.0 = Debug|Any CPU
		{FF2A5AC1-9139-42AA-928F-A4042DF58C8C}.Debug|x86.ActiveCfg = Debug|Any CPU
		{FF2A5AC1-9139-42AA-928F-A4042DF58C8C}.Debug|x86.Build.0 = Debug|Any CPU
		{FF2A5AC1-9139-42AA-928F-A4042DF58C8C}.Release|Any CPU.ActiveCfg = Release|Any CPU
		{FF2A5AC1-9139-42AA-928F-A4042DF58C8C}.Release|Any CPU.Build.0 = Release|Any CPU
		{FF2A5AC1-9139-42AA-928F-A4042DF58C8C}.Release|x64.ActiveCfg = Release|Any CPU
		{FF2A5AC1-9139-42AA-928F-A4042DF58C8C}.Release|x64.Build.0 = Release|Any CPU
		{FF2A5AC1-9139-42AA-928F-A4042DF58C8C}.Release|x86.ActiveCfg = Release|Any CPU
		{FF2A5AC1-9139-42AA-928F-A4042DF58C8C}.Release|x86.Build.0 = Release|Any CPU
		{698D40D2-52E3-44D3-90D6-F4197C51071D}.Debug|Any CPU.ActiveCfg = Debug|Any CPU
		{698D40D2-52E3-44D3-90D6-F4197C51071D}.Debug|Any CPU.Build.0 = Debug|Any CPU
		{698D40D2-52E3-44D3-90D6-F4197C51071D}.Debug|x64.ActiveCfg = Debug|Any CPU
		{698D40D2-52E3-44D3-90D6-F4197C51071D}.Debug|x64.Build.0 = Debug|Any CPU
		{698D40D2-52E3-44D3-90D6-F4197C51071D}.Debug|x86.ActiveCfg = Debug|Any CPU
		{698D40D2-52E3-44D3-90D6-F4197C51071D}.Debug|x86.Build.0 = Debug|Any CPU
		{698D40D2-52E3-44D3-90D6-F4197C51071D}.Release|Any CPU.ActiveCfg = Release|Any CPU
		{698D40D2-52E3-44D3-90D6-F4197C51071D}.Release|Any CPU.Build.0 = Release|Any CPU
		{698D40D2-52E3-44D3-90D6-F4197C51071D}.Release|x64.ActiveCfg = Release|Any CPU
		{698D40D2-52E3-44D3-90D6-F4197C51071D}.Release|x64.Build.0 = Release|Any CPU
		{698D40D2-52E3-44D3-90D6-F4197C51071D}.Release|x86.ActiveCfg = Release|Any CPU
		{698D40D2-52E3-44D3-90D6-F4197C51071D}.Release|x86.Build.0 = Release|Any CPU
	EndGlobalSection
	GlobalSection(NestedProjects) = preSolution
		{FF2A5AC1-9139-42AA-928F-A4042DF58C8C} = {25DE5AB1-57C5-4066-B99D-2819C3D67550}
		{698D40D2-52E3-44D3-90D6-F4197C51071D} = {4CCF5EDF-30A0-4D64-ACF3-276115C2B1F3}
	EndGlobalSection
EndGlobal
